cloud.google.com/go v0.123.0 h1:2NAUJwPR47q+E35uaJeYoNhuNEM9kM8SjgRgdeOJUSE=
cloud.google.com/go v0.123.0/go.mod h1:xBoMV08QcqUGuPW65Qfm1o9Y4zKZBpGS+7bImXLTAZU=
cloud.google.com/go/compute v1.62.0 h1:tJ7lKJ8YEVa6vZX03Jc8o1YePbjKDOQhDw1BscMZ1bs=
cloud.google.com/go/compute v1.62.0/go.mod h1:Xm6PbsLgBpAg4va77ljbBdpMjzuU+uPp5Ze2dnZq7lw=
github.com/BurntSushi/toml v1.6.0 h1:dRaEfpa2VI55EwlIW72hMRHdWouJeRF7TPYhI+AUQjk=
github.com/BurntSushi/toml v1.6.0/go.mod h1:ukJfTF/6rtPPRCnwkur4qwRxa8vTRFBF0uk2lLoLwho=
github.com/davecgh/go-spew v1.1.1 h1:vj9j/u1bqnvCEfJOwUhtlOARqs3+rkHYY13jYWTU97c=
github.com/davecgh/go-spew v1.1.1/go.mod h1:J7Y8YcW2NihsgmVo/mv3lAwl/skON4iLHjSsI+c5H38=
github.com/gofrs/flock v0.13.0 h1:95JolYOvGMqeH31+FC7D2+uULf6mG61mEZ/A8dRYMzw=
github.com/gofrs/flock v0.13.0/go.mod h1:jxeyy9R1auM5S6JYDBhDt+E2TCo7DkratH4Pgi8P+Z0=
github.com/pmezard/go-difflib v1.0.0 h1:4DBwDE0NGyQoBHbLQYPwSUPoCMWR5BEzIk/f1lZbAQM=
github.com/pmezard/go-difflib v1.0.0/go.mod h1:iKH77koFhYxTK1pcRnkKkqfTogsbg7gZNVY4sRDYZ/4=
github.com/stretchr/testify v1.11.1 h1:7s2iGBzp5EwR7/aIZr8ao5+dra3wiQyKjjFuvgVKu7U=
github.com/stretchr/testify v1.11.1/go.mod h1:wZwfW3scLgRK+23gO65QZefKpKQRnfz6sD981Nm4B6U=
github.com/tailscale/hujson v0.0.0-20220506213045-af5ed07155e5 h1:erxeiTyq+nw4Cz5+hLDkOwNF5/9IQWCQPv0gpb3+QHU=
github.com/tailscale/hujson v0.0.0-20220506213045-af5ed07155e5/go.mod h1:DFSS3NAGHthKo1gTlmEcSBiZrRJXi28rLNd/1udP1c8=
golang.org/x/oauth2 v0.34.0 h1:hqK/t4AKgbqWkdkcAeI8XLmbK+4m4G5YeQRrmiotGlw=
golang.org/x/oauth2 v0.34.0/go.mod h1:lzm5WQJQwKZ3nwavOZ3IS5Aulzxi68dUSgRHujetwEA=
golang.org/x/oauth2 v0.36.0 h1:peZ/1z27fi9hUOFCAZaHyrpWG5lwe0RJEEEeH0ThlIs=
golang.org/x/oauth2 v0.36.0/go.mod h1:YDBUJMTkDnJS+A4BP4eZBjCqtokkg1hODuPjwiGPO7Q=
golang.org/x/sys v0.43.0 h1:Rlag2XtaFTxp19wS8MXlJwTvoh8ArU6ezoyFsMyCTNI=
golang.org/x/sys v0.43.0/go.mod h1:4GL1E5IUh+htKOUEOaiffhrAeqysfVGipDYzABqnCmw=
google.golang.org/api v0.278.0 h1:W7jiRvRi53VYFfZ/HoZjQBtJk7gOFbHD8ot1RzVZU6E=
google.golang.org/api v0.278.0/go.mod h1:B9TqLBwJqVjp1mtt7WeoQwWRwvu/400y5lETOql+giQ=
google.golang.org/protobuf v1.36.11 h1:fV6ZwhNocDyBLK0dj+fg8ektcVegBBuEolpbTQyBNVE=
google.golang.org/protobuf v1.36.11/go.mod h1:HTf+CrKn2C3g5S8VImy6tdcUvCska2kB7j23XfzDpco=
gopkg.in/yaml.v3 v3.0.1 h1:fxVm/GzAzEWqLHuvctI91KS9hhNmmWOoWu0XTYJS7CA=
gopkg.in/yaml.v3 v3.0.1/go.mod h1:K4uyk7z7BCEPqu6E+C64Yfv1cQ7kz7rIZviUmN+EgEM=
tailscale.com/client/tailscale/v2 v2.9.0 h1:zBZIIeIYXL42qvvile7d29O2DKSr3AfNc2gzd1JCf2o=
tailscale.com/client/tailscale/v2 v2.9.0/go.mod h1:FGjvGT3ThHelqo0gfdK3IN3k1dwNbRzYbQh2XO3C47U=
